
Microsoft Visual Studio Solution File, Format Version 12.00
# Visual Studio Version 17
VisualStudioVersion = 17.9.34728.123
MinimumVisualStudioVersion = 10.0.40219.1
Project("{FAE04EC0-301F-11D3-BF4B-00C04F79EFBC}") = "WTFIsTheBatteryAt", "WTFIsTheBatteryAt\WTFIsTheBatteryAt.csproj", "{2641AF02-FBA5-42A1-B715-365B8792C5C6}"
EndProject
Global
	GlobalSection(SolutionConfigurationPlatforms) = preSolution
		Debug|Any CPU = Debug|Any CPU
		Release|Any CPU = Release|Any CPU
	EndGlobalSection
	GlobalSection(ProjectConfigurationPlatforms) = postSolution
		{2641AF02-FBA5-42A1-B715-365B8792C5C6}.Debug|Any CPU.ActiveCfg = Debug|Any CPU
		{2641AF02-FBA5-42A1-B715-365B8792C5C6}.Debug|Any CPU.Build.0 = Debug|Any CPU
		{2641AF02-FBA5-42A1-B715-365B8792C5C6}.Release|Any CPU.ActiveCfg = Release|Any CPU
		{2641AF02-FBA5-42A1-B715-365B8792C5C6}.Release|Any CPU.Build.0 = Release|Any CPU
	EndGlobalSection
	GlobalSection(SolutionProperties) = preSolution
		HideSolutionNode = FALSE
	EndGlobalSection
	GlobalSection(ExtensibilityGlobals) = postSolution
		SolutionGuid = {5811E112-94CF-4E4B-A314-8F19A32C81AF}
	EndGlobalSection
EndGlobal
